// !$*UTF8*$!
{
	archiveVersion = 1;
	classes = {
	};
	objectVersion = 50;
	objects = {

/* Begin PBXBuildFile section */
		1523C1D84B345DDEF054442C /* Pods_Flix_FlixUITests.framework in Frameworks */ = {isa = PBXBuildFile; fileRef = 21454162AC9C8757B2B58338 /* Pods_Flix_FlixUITests.framework */; };
		421FF5A122ABE69BEC89B591 /* Pods_FlixTests.framework in Frameworks */ = {isa = PBXBuildFile; fileRef = AF4977B7FEA0A160FD94508E /* Pods_FlixTests.framework */; };
		54F384EDBBC35E4D00698618 /* Pods_Flix.framework in Frameworks */ = {isa = PBXBuildFile; fileRef = 2595AFB5C0CD15FCBADB66E3 /* Pods_Flix.framework */; };
		7DDE014B25D052E400B98FE9 /* MovieCell.swift in Sources */ = {isa = PBXBuildFile; fileRef = 7DDE014A25D052E400B98FE9 /* MovieCell.swift */; };
		7DE437D625CF00C500BC293C /* AppDelegate.swift in Sources */ = {isa = PBXBuildFile; fileRef = 7DE437D525CF00C500BC293C /* AppDelegate.swift */; };
		7DE437D825CF00C500BC293C /* SceneDelegate.swift in Sources */ = {isa = PBXBuildFile; fileRef = 7DE437D725CF00C500BC293C /* SceneDelegate.swift */; };
		7DE437DA25CF00C500BC293C /* ViewController.swift in Sources */ = {isa = PBXBuildFile; fileRef = 7DE437D925CF00C500BC293C /* ViewController.swift */; };
		7DE437DD25CF00C500BC293C /* Main.storyboard in Resources */ = {isa = PBXBuildFile; fileRef = 7DE437DB25CF00C500BC293C /* Main.storyboard */; };
		7DE437DF25CF00CC00BC293C /* Assets.xcassets in Resources */ = {isa = PBXBuildFile; fileRef = 7DE437DE25CF00CC00BC293C /* Assets.xcassets */; };
		7DE437E225CF00CC00BC293C /* LaunchScreen.storyboard in Resources */ = {isa = PBXBuildFile; fileRef = 7DE437E025CF00CC00BC293C /* LaunchScreen.storyboard */; };
		7DE437ED25CF00CD00BC293C /* FlixTests.swift in Sources */ = {isa = PBXBuildFile; fileRef = 7DE437EC25CF00CD00BC293C /* FlixTests.swift */; };
		7DE437F825CF00CD00BC293C /* FlixUITests.swift in Sources */ = {isa = PBXBuildFile; fileRef = 7DE437F725CF00CD00BC293C /* FlixUITests.swift */; };
/* End PBXBuildFile section */

/* Begin PBXContainerItemProxy section */
		7DE437E925CF00CD00BC293C /* PBXContainerItemProxy */ = {
			isa = PBXContainerItemProxy;
			containerPortal = 7DE437CA25CF00C500BC293C /* Project object */;
			proxyType = 1;
			remoteGlobalIDString = 7DE437D125CF00C500BC293C;
			remoteInfo = Flix;
		};
		7DE437F425CF00CD00BC293C /* PBXContainerItemProxy */ = {
			isa = PBXContainerItemProxy;
			containerPortal = 7DE437CA25CF00C500BC293C /* Project object */;
			proxyType = 1;
			remoteGlobalIDString = 7DE437D125CF00C500BC293C;
			remoteInfo = Flix;
		};
/* End PBXContainerItemProxy section */

/* Begin PBXFileReference section */
		21454162AC9C8757B2B58338 /* Pods_Flix_FlixUITests.framework */ = {isa = PBXFileReference; explicitFileType = wrapper.framework; includeInIndex = 0; path = Pods_Flix_FlixUITests.framework; sourceTree = BUILT_PRODUCTS_DIR; };
		2595AFB5C0CD15FCBADB66E3 /* Pods_Flix.framework */ = {isa = PBXFileReference; explicitFileType = wrapper.framework; includeInIndex = 0; path = Pods_Flix.framework; sourceTree = BUILT_PRODUCTS_DIR; };
		342147B522ACA8B503121293 /* Pods-Flix.release.xcconfig */ = {isa = PBXFileReference; includeInIndex = 1; lastKnownFileType = text.xcconfig; name = "Pods-Flix.release.xcconfig"; path = "Target Support Files/Pods-Flix/Pods-Flix.release.xcconfig"; sourceTree = "<group>"; };
		69FE52B8B7322C5C9386E956 /* Pods-FlixTests.debug.xcconfig */ = {isa = PBXFileReference; includeInIndex = 1; lastKnownFileType = text.xcconfig; name = "Pods-FlixTests.debug.xcconfig"; path = "Target Support Files/Pods-FlixTests/Pods-FlixTests.debug.xcconfig"; sourceTree = "<group>"; };
		77B70EE09797E7E0366F288B /* Pods-FlixTests.release.xcconfig */ = {isa = PBXFileReference; includeInIndex = 1; lastKnownFileType = text.xcconfig; name = "Pods-FlixTests.release.xcconfig"; path = "Target Support Files/Pods-FlixTests/Pods-FlixTests.release.xcconfig"; sourceTree = "<group>"; };
		7DDE014A25D052E400B98FE9 /* MovieCell.swift */ = {isa = PBXFileReference; lastKnownFileType = sourcecode.swift; path = MovieCell.swift; sourceTree = "<group>"; };
		7DE437D225CF00C500BC293C /* Flix.app */ = {isa = PBXFileReference; explicitFileType = wrapper.application; includeInIndex = 0; path = Flix.app; sourceTree = BUILT_PRODUCTS_DIR; };
		7DE437D525CF00C500BC293C /* AppDelegate.swift */ = {isa = PBXFileReference; lastKnownFileType = sourcecode.swift; path = AppDelegate.swift; sourceTree = "<group>"; };
		7DE437D725CF00C500BC293C /* SceneDelegate.swift */ = {isa = PBXFileReference; lastKnownFileType = sourcecode.swift; path = SceneDelegate.swift; sourceTree = "<group>"; };
		7DE437D925CF00C500BC293C /* ViewController.swift */ = {isa = PBXFileReference; lastKnownFileType = sourcecode.swift; path = ViewController.swift; sourceTree = "<group>"; };
		7DE437DC25CF00C500BC293C /* Base */ = {isa = PBXFileReference; lastKnownFileType = file.storyboard; name = Base; path = Base.lproj/Main.storyboard; sourceTree = "<group>"; };
		7DE437DE25CF00CC00BC293C /* Assets.xcassets */ = {isa = PBXFileReference; lastKnownFileType = folder.assetcatalog; path = Assets.xcassets; sourceTree = "<group>"; };
		7DE437E125CF00CC00BC293C /* Base */ = {isa = PBXFileReference; lastKnownFileType = file.storyboard; name = Base; path = Base.lproj/LaunchScreen.storyboard; sourceTree = "<group>"; };
		7DE437E325CF00CC00BC293C /* Info.plist */ = {isa = PBXFileReference; lastKnownFileType = text.plist.xml; path = Info.plist; sourceTree = "<group>"; };
		7DE437E825CF00CD00BC293C /* FlixTests.xctest */ = {isa = PBXFileReference; explicitFileType = wrapper.cfbundle; includeInIndex = 0; path = FlixTests.xctest; sourceTree = BUILT_PRODUCTS_DIR; };
		7DE437EC25CF00CD00BC293C /* FlixTests.swift */ = {isa = PBXFileReference; lastKnownFileType = sourcecode.swift; path = FlixTests.swift; sourceTree = "<group>"; };
		7DE437EE25CF00CD00BC293C /* Info.plist */ = {isa = PBXFileReference; lastKnownFileType = text.plist.xml; path = Info.plist; sourceTree = "<group>"; };
		7DE437F325CF00CD00BC293C /* FlixUITests.xctest */ = {isa = PBXFileReference; explicitFileType = wrapper.cfbundle; includeInIndex = 0; path = FlixUITests.xctest; sourceTree = BUILT_PRODUCTS_DIR; };
		7DE437F725CF00CD00BC293C /* FlixUITests.swift */ = {isa = PBXFileReference; lastKnownFileType = sourcecode.swift; path = FlixUITests.swift; sourceTree = "<group>"; };
		7DE437F925CF00CD00BC293C /* Info.plist */ = {isa = PBXFileReference; lastKnownFileType = text.plist.xml; path = Info.plist; sourceTree = "<group>"; };
		AF4977B7FEA0A160FD94508E /* Pods_FlixTests.framework */ = {isa = PBXFileReference; explicitFileType = wrapper.framework; includeInIndex = 0; path = Pods_FlixTests.framework; sourceTree = BUILT_PRODUCTS_DIR; };
		B14C9CBFE4D40FAECE3CC771 /* Pods-Flix-FlixUITests.debug.xcconfig */ = {isa = PBXFileReference; includeInIndex = 1; lastKnownFileType = text.xcconfig; name = "Pods-Flix-FlixUITests.debug.xcconfig"; path = "Target Support Files/Pods-Flix-FlixUITests/Pods-Flix-FlixUITests.debug.xcconfig"; sourceTree = "<group>"; };
		B27978FB57660C787C6311F6 /* Pods-Flix.debug.xcconfig */ = {isa = PBXFileReference; includeInIndex = 1; lastKnownFileType = text.xcconfig; name = "Pods-Flix.debug.xcconfig"; path = "Target Support Files/Pods-Flix/Pods-Flix.debug.xcconfig"; sourceTree = "<group>"; };
		EF905C6FA16C71E92111929A /* Pods-Flix-FlixUITests.release.xcconfig */ = {isa = PBXFileReference; includeInIndex = 1; lastKnownFileType = text.xcconfig; name = "Pods-Flix-FlixUITests.release.xcconfig"; path = "Target Support Files/Pods-Flix-FlixUITests/Pods-Flix-FlixUITests.release.xcconfig"; sourceTree = "<group>"; };
/* End PBXFileReference section */

/* Begin PBXFrameworksBuildPhase section */
		7DE437CF25CF00C500BC293C /* Frameworks */ = {
			isa = PBXFrameworksBuildPhase;
			buildActionMask = 2147483647;
			files = (
				54F384EDBBC35E4D00698618 /* Pods_Flix.framework in Frameworks */,
			);
			runOnlyForDeploymentPostprocessing = 0;
		};
		7DE437E525CF00CD00BC293C /* Frameworks */ = {
			isa = PBXFrameworksBuildPhase;
			buildActionMask = 2147483647;
			files = (
				421FF5A122ABE69BEC89B591 /* Pods_FlixTests.framework in Frameworks */,
			);
			runOnlyForDeploymentPostprocessing = 0;
		};
		7DE437F025CF00CD00BC293C /* Frameworks */ = {
			isa = PBXFrameworksBuildPhase;
			buildActionMask = 2147483647;
			files = (
				1523C1D84B345DDEF054442C /* Pods_Flix_FlixUITests.framework in Frameworks */,
			);
			runOnlyForDeploymentPostprocessing = 0;
		};
/* End PBXFrameworksBuildPhase section */

/* Begin PBXGroup section */
		2A4F03FDE7D39E10A3121158 /* Pods */ = {
			isa = PBXGroup;
			children = (
				B27978FB57660C787C6311F6 /* Pods-Flix.debug.xcconfig */,
				342147B522ACA8B503121293 /* Pods-Flix.release.xcconfig */,
				B14C9CBFE4D40FAECE3CC771 /* Pods-Flix-FlixUITests.debug.xcconfig */,
				EF905C6FA16C71E92111929A /* Pods-Flix-FlixUITests.release.xcconfig */,
				69FE52B8B7322C5C9386E956 /* Pods-FlixTests.debug.xcconfig */,
				77B70EE09797E7E0366F288B /* Pods-FlixTests.release.xcconfig */,
			);
			name = Pods;
			path = Pods;
			sourceTree = "<group>";
		};
		72EAE5C7EFE2C99A8EA6FCB7 /* Frameworks */ = {
			isa = PBXGroup;
			children = (
				2595AFB5C0CD15FCBADB66E3 /* Pods_Flix.framework */,
				21454162AC9C8757B2B58338 /* Pods_Flix_FlixUITests.framework */,
				AF4977B7FEA0A160FD94508E /* Pods_FlixTests.framework */,
			);
			name = Frameworks;
			sourceTree = "<group>";
		};
		7DE437C925CF00C500BC293C = {
			isa = PBXGroup;
			children = (
				7DE437D425CF00C500BC293C /* Flix */,
				7DE437EB25CF00CD00BC293C /* FlixTests */,
				7DE437F625CF00CD00BC293C /* FlixUITests */,
				7DE437D325CF00C500BC293C /* Products */,
				2A4F03FDE7D39E10A3121158 /* Pods */,
				72EAE5C7EFE2C99A8EA6FCB7 /* Frameworks */,
			);
			sourceTree = "<group>";
		};
		7DE437D325CF00C500BC293C /* Products */ = {
			isa = PBXGroup;
			children = (
				7DE437D225CF00C500BC293C /* Flix.app */,
				7DE437E825CF00CD00BC293C /* FlixTests.xctest */,
				7DE437F325CF00CD00BC293C /* FlixUITests.xctest */,
			);
			name = Products;
			sourceTree = "<group>";
		};
		7DE437D425CF00C500BC293C /* Flix */ = {
			isa = PBXGroup;
			children = (
				7DE437D525CF00C500BC293C /* AppDelegate.swift */,
				7DE437D725CF00C500BC293C /* SceneDelegate.swift */,
				7DE437D925CF00C500BC293C /* ViewController.swift */,
				7DE437DB25CF00C500BC293C /* Main.storyboard */,
				7DDE014A25D052E400B98FE9 /* MovieCell.swift */,
				7DE437DE25CF00CC00BC293C /* Assets.xcassets */,
				7DE437E025CF00CC00BC293C /* LaunchScreen.storyboard */,
				7DE437E325CF00CC00BC293C /* Info.plist */,
			);
			path = Flix;
			sourceTree = "<group>";
		};
		7DE437EB25CF00CD00BC293C /* FlixTests */ = {
			isa = PBXGroup;
			children = (
				7DE437EC25CF00CD00BC293C /* FlixTests.swift */,
				7DE437EE25CF00CD00BC293C /* Info.plist */,
			);
			path = FlixTests;
			sourceTree = "<group>";
		};
		7DE437F625CF00CD00BC293C /* FlixUITests */ = {
			isa = PBXGroup;
			children = (
				7DE437F725CF00CD00BC293C /* FlixUITests.swift */,
				7DE437F925CF00CD00BC293C /* Info.plist */,
			);
			path = FlixUITests;
			sourceTree = "<group>";
		};
/* End PBXGroup section */

/* Begin PBXNativeTarget section */
		7DE437D125CF00C500BC293C /* Flix */ = {
			isa = PBXNativeTarget;
			buildConfigurationList = 7DE437FC25CF00CD00BC293C /* Build configuration list for PBXNativeTarget "Flix" */;
			buildPhases = (
				2B34B3EF0BD91F8998976DDE /* [CP] Check Pods Manifest.lock */,
				7DE437CE25CF00C500BC293C /* Sources */,
				7DE437CF25CF00C500BC293C /* Frameworks */,
				7DE437D025CF00C500BC293C /* Resources */,
				3FAC86663D9567550FCFDD83 /* [CP] Embed Pods Frameworks */,
			);
			buildRules = (
			);
			dependencies = (
			);
			name = Flix;
			productName = Flix;
			productReference = 7DE437D225CF00C500BC293C /* Flix.app */;
			productType = "com.apple.product-type.application";
		};
		7DE437E725CF00CD00BC293C /* FlixTests */ = {
			isa = PBXNativeTarget;
			buildConfigurationList = 7DE437FF25CF00CD00BC293C /* Build configuration list for PBXNativeTarget "FlixTests" */;
			buildPhases = (
				53B4891A135501F582FC13D5 /* [CP] Check Pods Manifest.lock */,
				7DE437E425CF00CD00BC293C /* Sources */,
				7DE437E525CF00CD00BC293C /* Frameworks */,
				7DE437E625CF00CD00BC293C /* Resources */,
			);
			buildRules = (
			);
			dependencies = (
				7DE437EA25CF00CD00BC293C /* PBXTargetDependency */,
			);
			name = FlixTests;
			productName = FlixTests;
			productReference = 7DE437E825CF00CD00BC293C /* FlixTests.xctest */;
			productType = "com.apple.product-type.bundle.unit-test";
		};
		7DE437F225CF00CD00BC293C /* FlixUITests */ = {
			isa = PBXNativeTarget;
			buildConfigurationList = 7DE4380225CF00CD00BC293C /* Build configuration list for PBXNativeTarget "FlixUITests" */;
			buildPhases = (
				14A4234AB3B0BCC6FB2A7289 /* [CP] Check Pods Manifest.lock */,
				7DE437EF25CF00CD00BC293C /* Sources */,
				7DE437F025CF00CD00BC293C /* Frameworks */,
				7DE437F125CF00CD00BC293C /* Resources */,
				169F14137A7FA9F8D4508100 /* [CP] Embed Pods Frameworks */,
			);
			buildRules = (
			);
			dependencies = (
				7DE437F525CF00CD00BC293C /* PBXTargetDependency */,
			);
			name = FlixUITests;
			productName = FlixUITests;
			productReference = 7DE437F325CF00CD00BC293C /* FlixUITests.xctest */;
			productType = "com.apple.product-type.bundle.ui-testing";
		};
/* End PBXNativeTarget section */

/* Begin PBXProject section */
		7DE437CA25CF00C500BC293C /* Project object */ = {
			isa = PBXProject;
			attributes = {
				LastSwiftUpdateCheck = 1230;
				LastUpgradeCheck = 1230;
				TargetAttributes = {
					7DE437D125CF00C500BC293C = {
						CreatedOnToolsVersion = 12.3;
					};
					7DE437E725CF00CD00BC293C = {
						CreatedOnToolsVersion = 12.3;
						TestTargetID = 7DE437D125CF00C500BC293C;
					};
					7DE437F225CF00CD00BC293C = {
						CreatedOnToolsVersion = 12.3;
						TestTargetID = 7DE437D125CF00C500BC293C;
					};
				};
			};
			buildConfigurationList = 7DE437CD25CF00C500BC293C /* Build configuration list for PBXProject "Flix" */;
			compatibilityVersion = "Xcode 9.3";
			developmentRegion = en;
			hasScannedForEncodings = 0;
			knownRegions = (
				en,
				Base,
			);
			mainGroup = 7DE437C925CF00C500BC293C;
			productRefGroup = 7DE437D325CF00C500BC293C /* Products */;
			projectDirPath = "";
			projectRoot = "";
			targets = (
				7DE437D125CF00C500BC293C /* Flix */,
				7DE437E725CF00CD00BC293C /* FlixTests */,
				7DE437F225CF00CD00BC293C /* FlixUITests */,
			);
		};
/* End PBXProject section */

/* Begin PBXResourcesBuildPhase section */
		7DE437D025CF00C500BC293C /* Resources */ = {
			isa = PBXResourcesBuildPhase;
			buildActionMask = 2147483647;
			files = (
				7DE437E225CF00CC00BC293C /* LaunchScreen.storyboard in Resources */,
				7DE437DF25CF00CC00BC293C /* Assets.xcassets in Resources */,
				7DE437DD25CF00C500BC293C /* Main.storyboard in Resources */,
			);
			runOnlyForDeploymentPostprocessing = 0;
		};
		7DE437E625CF00CD00BC293C /* Resources */ = {
			isa = PBXResourcesBuildPhase;
			buildActionMask = 2147483647;
			files = (
			);
			runOnlyForDeploymentPostprocessing = 0;
		};
		7DE437F125CF00CD00BC293C /* Resources */ = {
			isa = PBXResourcesBuildPhase;
			buildActionMask = 2147483647;
			files = (
			);
			runOnlyForDeploymentPostprocessing = 0;
		};
/* End PBXResourcesBuildPhase section */

/* Begin PBXShellScriptBuildPhase section */
		14A4234AB3B0BCC6FB2A7289 /* [CP] Check Pods Manifest.lock */ = {
			isa = PBXShellScriptBuildPhase;
			buildActionMask = 2147483647;
			files = (
			);
			inputFileListPaths = (
			);
			inputPaths = (
				"${PODS_PODFILE_DIR_PATH}/Podfile.lock",
				"${PODS_ROOT}/Manifest.lock",
			);
			name = "[CP] Check Pods Manifest.lock";
			outputFileListPaths = (
			);
			outputPaths = (
				"$(DERIVED_FILE_DIR)/Pods-Flix-FlixUITests-checkManifestLockResult.txt",
			);
			runOnlyForDeploymentPostprocessing = 0;
			shellPath = /bin/sh;
			shellScript = "diff \"${PODS_PODFILE_DIR_PATH}/Podfile.lock\" \"${PODS_ROOT}/Manifest.lock\" > /dev/null\nif [ $? != 0 ] ; then\n    # print error to STDERR\n    echo \"error: The sandbox is not in sync with the Podfile.lock. Run 'pod install' or update your CocoaPods installation.\" >&2\n    exit 1\nfi\n# This output is used by Xcode 'outputs' to avoid re-running this script phase.\necho \"SUCCESS\" > \"${SCRIPT_OUTPUT_FILE_0}\"\n";
			showEnvVarsInLog = 0;
		};
		169F14137A7FA9F8D4508100 /* [CP] Embed Pods Frameworks */ = {
			isa = PBXShellScriptBuildPhase;
			buildActionMask = 2147483647;
			files = (
			);
			inputFileListPaths = (
				"${PODS_ROOT}/Target Support Files/Pods-Flix-FlixUITests/Pods-Flix-FlixUITests-frameworks-${CONFIGURATION}-input-files.xcfilelist",
			);
			name = "[CP] Embed Pods Frameworks";
			outputFileListPaths = (
				"${PODS_ROOT}/Target Support Files/Pods-Flix-FlixUITests/Pods-Flix-FlixUITests-frameworks-${CONFIGURATION}-output-files.xcfilelist",
			);
			runOnlyForDeploymentPostprocessing = 0;
			shellPath = /bin/sh;
			shellScript = "\"${PODS_ROOT}/Target Support Files/Pods-Flix-FlixUITests/Pods-Flix-FlixUITests-frameworks.sh\"\n";
			showEnvVarsInLog = 0;
		};
		2B34B3EF0BD91F8998976DDE /* [CP] Check Pods Manifest.lock */ = {
			isa = PBXShellScriptBuildPhase;
			buildActionMask = 2147483647;
			files = (
			);
			inputFileListPaths = (
			);
			inputPaths = (
				"${PODS_PODFILE_DIR_PATH}/Podfile.lock",
				"${PODS_ROOT}/Manifest.lock",
			);
			name = "[CP] Check Pods Manifest.lock";
			outputFileListPaths = (
			);
			outputPaths = (
				"$(DERIVED_FILE_DIR)/Pods-Flix-checkManifestLockResult.txt",
			);
			runOnlyForDeploymentPostprocessing = 0;
			shellPath = /bin/sh;
			shellScript = "diff \"${PODS_PODFILE_DIR_PATH}/Podfile.lock\" \"${PODS_ROOT}/Manifest.lock\" > /dev/null\nif [ $? != 0 ] ; then\n    # print error to STDERR\n    echo \"error: The sandbox is not in sync with the Podfile.lock. Run 'pod install' or update your CocoaPods installation.\" >&2\n    exit 1\nfi\n# This output is used by Xcode 'outputs' to avoid re-running this script phase.\necho \"SUCCESS\" > \"${SCRIPT_OUTPUT_FILE_0}\"\n";
			showEnvVarsInLog = 0;
		};
		3FAC86663D9567550FCFDD83 /* [CP] Embed Pods Frameworks */ = {
			isa = PBXShellScriptBuildPhase;
			buildActionMask = 2147483647;
			files = (
			);
			inputFileListPaths = (
				"${PODS_ROOT}/Target Support Files/Pods-Flix/Pods-Flix-frameworks-${CONFIGURATION}-input-files.xcfilelist",
			);
			name = "[CP] Embed Pods Frameworks";
			outputFileListPaths = (
				"${PODS_ROOT}/Target Support Files/Pods-Flix/Pods-Flix-frameworks-${CONFIGURATION}-output-files.xcfilelist",
			);
			runOnlyForDeploymentPostprocessing = 0;
			shellPath = /bin/sh;
			shellScript = "\"${PODS_ROOT}/Target Support Files/Pods-Flix/Pods-Flix-frameworks.sh\"\n";
			showEnvVarsInLog = 0;
		};
		53B4891A135501F582FC13D5 /* [CP] Check Pods Manifest.lock */ = {
			isa = PBXShellScriptBuildPhase;
			buildActionMask = 2147483647;
			files = (
			);
			inputFileListPaths = (
			);
			inputPaths = (
				"${PODS_PODFILE_DIR_PATH}/Podfile.lock",
				"${PODS_ROOT}/Manifest.lock",
			);
			name = "[CP] Check Pods Manifest.lock";
			outputFileListPaths = (
			);
			outputPaths = (
				"$(DERIVED_FILE_DIR)/Pods-FlixTests-checkManifestLockResult.txt",
			);
			runOnlyForDeploymentPostprocessing = 0;
			shellPath = /bin/sh;
			shellScript = "diff \"${PODS_PODFILE_DIR_PATH}/Podfile.lock\" \"${PODS_ROOT}/Manifest.lock\" > /dev/null\nif [ $? != 0 ] ; then\n    # print error to STDERR\n    echo \"error: The sandbox is not in sync with the Podfile.lock. Run 'pod install' or update your CocoaPods installation.\" >&2\n    exit 1\nfi\n# This output is used by Xcode 'outputs' to avoid re-running this script phase.\necho \"SUCCESS\" > \"${SCRIPT_OUTPUT_FILE_0}\"\n";
			showEnvVarsInLog = 0;
		};
/* End PBXShellScriptBuildPhase section */

/* Begin PBXSourcesBuildPhase section */
		7DE437CE25CF00C500BC293C /* Sources */ = {
			isa = PBXSourcesBuildPhase;
			buildActionMask = 2147483647;
			files = (
				7DE437DA25CF00C500BC293C /* ViewController.swift in Sources */,
				7DE437D625CF00C500BC293C /* AppDelegate.swift in Sources */,
				7DDE014B25D052E400B98FE9 /* MovieCell.swift in Sources */,
				7DE437D825CF00C500BC293C /* SceneDelegate.swift in Sources */,
			);
			runOnlyForDeploymentPostprocessing = 0;
		};
		7DE437E425CF00CD00BC293C /* Sources */ = {
			isa = PBXSourcesBuildPhase;
			buildActionMask = 2147483647;
			files = (
				7DE437ED25CF00CD00BC293C /* FlixTests.swift in Sources */,
			);
			runOnlyForDeploymentPostprocessing = 0;
		};
		7DE437EF25CF00CD00BC293C /* Sources */ = {
			isa = PBXSourcesBuildPhase;
			buildActionMask = 2147483647;
			files = (
				7DE437F825CF00CD00BC293C /* FlixUITests.swift in Sources */,
			);
			runOnlyForDeploymentPostprocessing = 0;
		};
/* End PBXSourcesBuildPhase section */

/* Begin PBXTargetDependency section */
		7DE437EA25CF00CD00BC293C /* PBXTargetDependency */ = {
			isa = PBXTargetDependency;
			target = 7DE437D125CF00C500BC293C /* Flix */;
			targetProxy = 7DE437E925CF00CD00BC293C /* PBXContainerItemProxy */;
		};
		7DE437F525CF00CD00BC293C /* PBXTargetDependency */ = {
			isa = PBXTargetDependency;
			target = 7DE437D125CF00C500BC293C /* Flix */;
			targetProxy = 7DE437F425CF00CD00BC293C /* PBXContainerItemProxy */;
		};
/* End PBXTargetDependency section */

/* Begin PBXVariantGroup section */
		7DE437DB25CF00C500BC293C /* Main.storyboard */ = {
			isa = PBXVariantGroup;
			children = (
				7DE437DC25CF00C500BC293C /* Base */,
			);
			name = Main.storyboard;
			sourceTree = "<group>";
		};
		7DE437E025CF00CC00BC293C /* LaunchScreen.storyboard */ = {
			isa = PBXVariantGroup;
			children = (
				7DE437E125CF00CC00BC293C /* Base */,
			);
			name = LaunchScreen.storyboard;
			sourceTree = "<group>";
		};
/* End PBXVariantGroup section */

/* Begin XCBuildConfiguration section */
		7DE437FA25CF00CD00BC293C /* Debug */ = {
			isa = XCBuildConfiguration;
			buildSettings = {
				ALWAYS_SEARCH_USER_PATHS = NO;
				CLANG_ANALYZER_NONNULL = YES;
				CLANG_ANALYZER_NUMBER_OBJECT_CONVERSION = YES_AGGRESSIVE;
				CLANG_CXX_LANGUAGE_STANDARD = "gnu++14";
				CLANG_CXX_LIBRARY = "libc++";
				CLANG_ENABLE_MODULES = YES;
				CLANG_ENABLE_OBJC_ARC = YES;
				CLANG_ENABLE_OBJC_WEAK = YES;
				CLANG_WARN_BLOCK_CAPTURE_AUTORELEASING = YES;
				CLANG_WARN_BOOL_CONVERSION = YES;
				CLANG_WARN_COMMA = YES;
				CLANG_WARN_CONSTANT_CONVERSION = YES;
				CLANG_WARN_DEPRECATED_OBJC_IMPLEMENTATIONS = YES;
				CLANG_WARN_DIRECT_OBJC_ISA_USAGE = YES_ERROR;
				CLANG_WARN_DOCUMENTATION_COMMENTS = YES;
				CLANG_WARN_EMPTY_BODY = YES;
				CLANG_WARN_ENUM_CONVERSION = YES;
				CLANG_WARN_INFINITE_RECURSION = YES;
				CLANG_WARN_INT_CONVERSION = YES;
				CLANG_WARN_NON_LITERAL_NULL_CONVERSION = YES;
				CLANG_WARN_OBJC_IMPLICIT_RETAIN_SELF = YES;
				CLANG_WARN_OBJC_LITERAL_CONVERSION = YES;
				CLANG_WARN_OBJC_ROOT_CLASS = YES_ERROR;
				CLANG_WARN_QUOTED_INCLUDE_IN_FRAMEWORK_HEADER = YES;
				CLANG_WARN_RANGE_LOOP_ANALYSIS = YES;
				CLANG_WARN_STRICT_PROTOTYPES = YES;
				CLANG_WARN_SUSPICIOUS_MOVE = YES;
				CLANG_WARN_UNGUARDED_AVAILABILITY = YES_AGGRESSIVE;
				CLANG_WARN_UNREACHABLE_CODE = YES;
				CLANG_WARN__DUPLICATE_METHOD_MATCH = YES;
				COPY_PHASE_STRIP = NO;
				DEBUG_INFORMATION_FORMAT = dwarf;
				ENABLE_STRICT_OBJC_MSGSEND = YES;
				ENABLE_TESTABILITY = YES;
				GCC_C_LANGUAGE_STANDARD = gnu11;
				GCC_DYNAMIC_NO_PIC = NO;
				GCC_NO_COMMON_BLOCKS = YES;
				GCC_OPTIMIZATION_LEVEL = 0;
				GCC_PREPROCESSOR_DEFINITIONS = (
					"DEBUG=1",
					"$(inherited)",
				);
				GCC_WARN_64_TO_32_BIT_CONVERSION = YES;
				GCC_WARN_ABOUT_RETURN_TYPE = YES_ERROR;
				GCC_WARN_UNDECLARED_SELECTOR = YES;
				GCC_WARN_UNINITIALIZED_AUTOS = YES_AGGRESSIVE;
				GCC_WARN_UNUSED_FUNCTION = YES;
				GCC_WARN_UNUSED_VARIABLE = YES;
				IPHONEOS_DEPLOYMENT_TARGET = 14.3;
				MTL_ENABLE_DEBUG_INFO = INCLUDE_SOURCE;
				MTL_FAST_MATH = YES;
				ONLY_ACTIVE_ARCH = YES;
				SDKROOT = iphoneos;
				SWIFT_ACTIVE_COMPILATION_CONDITIONS = DEBUG;
				SWIFT_OPTIMIZATION_LEVEL = "-Onone";
			};
			name = Debug;
		};
		7DE437FB25CF00CD00BC293C /* Release */ = {
			isa = XCBuildConfiguration;
			buildSettings = {
				ALWAYS_SEARCH_USER_PATHS = NO;
				CLANG_ANALYZER_NONNULL = YES;
				CLANG_ANALYZER_NUMBER_OBJECT_CONVERSION = YES_AGGRESSIVE;
				CLANG_CXX_LANGUAGE_STANDARD = "gnu++14";
				CLANG_CXX_LIBRARY = "libc++";
				CLANG_ENABLE_MODULES = YES;
				CLANG_ENABLE_OBJC_ARC = YES;
				CLANG_ENABLE_OBJC_WEAK = YES;
				CLANG_WARN_BLOCK_CAPTURE_AUTORELEASING = YES;
				CLANG_WARN_BOOL_CONVERSION = YES;
				CLANG_WARN_COMMA = YES;
				CLANG_WARN_CONSTANT_CONVERSION = YES;
				CLANG_WARN_DEPRECATED_OBJC_IMPLEMENTATIONS = YES;
				CLANG_WARN_DIRECT_OBJC_ISA_USAGE = YES_ERROR;
				CLANG_WARN_DOCUMENTATION_COMMENTS = YES;
				CLANG_WARN_EMPTY_BODY = YES;
				CLANG_WARN_ENUM_CONVERSION = YES;
				CLANG_WARN_INFINITE_RECURSION = YES;
				CLANG_WARN_INT_CONVERSION = YES;
				CLANG_WARN_NON_LITERAL_NULL_CONVERSION = YES;
				CLANG_WARN_OBJC_IMPLICIT_RETAIN_SELF = YES;
				CLANG_WARN_OBJC_LITERAL_CONVERSION = YES;
				CLANG_WARN_OBJC_ROOT_CLASS = YES_ERROR;
				CLANG_WARN_QUOTED_INCLUDE_IN_FRAMEWORK_HEADER = YES;
				CLANG_WARN_RANGE_LOOP_ANALYSIS = YES;
				CLANG_WARN_STRICT_PROTOTYPES = YES;
				CLANG_WARN_SUSPICIOUS_MOVE = YES;
				CLANG_WARN_UNGUARDED_AVAILABILITY = YES_AGGRESSIVE;
				CLANG_WARN_UNREACHABLE_CODE = YES;
				CLANG_WARN__DUPLICATE_METHOD_MATCH = YES;
				COPY_PHASE_STRIP = NO;
				DEBUG_INFORMATION_FORMAT = "dwarf-with-dsym";
				ENABLE_NS_ASSERTIONS = NO;
				ENABLE_STRICT_OBJC_MSGSEND = YES;
				GCC_C_LANGUAGE_STANDARD = gnu11;
				GCC_NO_COMMON_BLOCKS = YES;
				GCC_WARN_64_TO_32_BIT_CONVERSION = YES;
				GCC_WARN_ABOUT_RETURN_TYPE = YES_ERROR;
				GCC_WARN_UNDECLARED_SELECTOR = YES;
				GCC_WARN_UNINITIALIZED_AUTOS = YES_AGGRESSIVE;
				GCC_WARN_UNUSED_FUNCTION = YES;
				GCC_WARN_UNUSED_VARIABLE = YES;
				IPHONEOS_DEPLOYMENT_TARGET = 14.3;
				MTL_ENABLE_DEBUG_INFO = NO;
				MTL_FAST_MATH = YES;
				SDKROOT = iphoneos;
				SWIFT_COMPILATION_MODE = wholemodule;
				SWIFT_OPTIMIZATION_LEVEL = "-O";
				VALIDATE_PRODUCT = YES;
			};
			name = Release;
		};
		7DE437FD25CF00CD00BC293C /* Debug */ = {
			isa = XCBuildConfiguration;
			baseConfigurationReference = B27978FB57660C787C6311F6 /* Pods-Flix.debug.xcconfig */;
			buildSettings = {
				ASSETCATALOG_COMPILER_APPICON_NAME = AppIcon;
				ASSETCATALOG_COMPILER_GLOBAL_ACCENT_COLOR_NAME = AccentColor;
				CODE_SIGN_STYLE = Automatic;
				DEVELOPMENT_TEAM = YNZ6KTZX46;
				INFOPLIST_FILE = Flix/Info.plist;
				LD_RUNPATH_SEARCH_PATHS = (
					"$(inherited)",
					"@executable_path/Frameworks",
				);
				PRODUCT_BUNDLE_IDENTIFIER = "Sunhyeok-Jung.Flix";
				PRODUCT_NAME = "$(TARGET_NAME)";
				SWIFT_VERSION = 5.0;
				TARGETED_DEVICE_FAMILY = "1,2";
			};
			name = Debug;
		};
		7DE437FE25CF00CD00BC293C /* Release */ = {
			isa = XCBuildConfiguration;
			baseConfigurationReference = 342147B522ACA8B503121293 /* Pods-Flix.release.xcconfig */;
			buildSettings = {
				ASSETCATALOG_COMPILER_APPICON_NAME = AppIcon;
				ASSETCATALOG_COMPILER_GLOBAL_ACCENT_COLOR_NAME = AccentColor;
				CODE_SIGN_STYLE = Automatic;
				DEVELOPMENT_TEAM = YNZ6KTZX46;
				INFOPLIST_FILE = Flix/Info.plist;
				LD_RUNPATH_SEARCH_PATHS = (
					"$(inherited)",
					"@executable_path/Frameworks",
				);
				PRODUCT_BUNDLE_IDENTIFIER = "Sunhyeok-Jung.Flix";
				PRODUCT_NAME = "$(TARGET_NAME)";
				SWIFT_VERSION = 5.0;
				TARGETED_DEVICE_FAMILY = "1,2";
			};
			name = Release;
		};
		7DE4380025CF00CD00BC293C /* Debug */ = {
			isa = XCBuildConfiguration;
			baseConfigurationReference = 69FE52B8B7322C5C9386E956 /* Pods-FlixTests.debug.xcconfig */;
			buildSettings = {
				ALWAYS_EMBED_SWIFT_STANDARD_LIBRARIES = YES;
				BUNDLE_LOADER = "$(TEST_HOST)";
				CODE_SIGN_STYLE = Automatic;
				DEVELOPMENT_TEAM = YNZ6KTZX46;
				INFOPLIST_FILE = FlixTests/Info.plist;
				IPHONEOS_DEPLOYMENT_TARGET = 14.3;
				LD_RUNPATH_SEARCH_PATHS = (
					"$(inherited)",
					"@executable_path/Frameworks",
					"@loader_path/Frameworks",
				);
				PRODUCT_BUNDLE_IDENTIFIER = "Sunhyeok-Jung.FlixTests";
				PRODUCT_NAME = "$(TARGET_NAME)";
				SWIFT_VERSION = 5.0;
				TARGETED_DEVICE_FAMILY = "1,2";
				TEST_HOST = "$(BUILT_PRODUCTS_DIR)/Flix.app/Flix";
			};
			name = Debug;
		};
		7DE4380125CF00CD00BC293C /* Release */ = {
			isa = XCBuildConfiguration;
			baseConfigurationReference = 77B70EE09797E7E0366F288B /* Pods-FlixTests.release.xcconfig */;
			buildSettings = {
				ALWAYS_EMBED_SWIFT_STANDARD_LIBRARIES = YES;
				BUNDLE_LOADER = "$(TEST_HOST)";
				CODE_SIGN_STYLE = Automatic;
				DEVELOPMENT_TEAM = YNZ6KTZX46;
				INFOPLIST_FILE = FlixTests/Info.plist;
				IPHONEOS_DEPLOYMENT_TARGET = 14.3;
				LD_RUNPATH_SEARCH_PATHS = (
					"$(inherited)",
					"@executable_path/Frameworks",
					"@loader_path/Frameworks",
				);
				PRODUCT_BUNDLE_IDENTIFIER = "Sunhyeok-Jung.FlixTests";
				PRODUCT_NAME = "$(TARGET_NAME)";
				SWIFT_VERSION = 5.0;
				TARGETED_DEVICE_FAMILY = "1,2";
				TEST_HOST = "$(BUILT_PRODUCTS_DIR)/Flix.app/Flix";
			};
			name = Release;
		};
		7DE4380325CF00CD00BC293C /* Debug */ = {
			isa = XCBuildConfiguration;
			baseConfigurationReference = B14C9CBFE4D40FAECE3CC771 /* Pods-Flix-FlixUITests.debug.xcconfig */;
			buildSettings = {
				ALWAYS_EMBED_SWIFT_STANDARD_LIBRARIES = YES;
				CODE_SIGN_STYLE = Automatic;
				DEVELOPMENT_TEAM = YNZ6KTZX46;
				INFOPLIST_FILE = FlixUITests/Info.plist;
				LD_RUNPATH_SEARCH_PATHS = (
					"$(inherited)",
					"@executable_path/Frameworks",
					"@loader_path/Frameworks",
				);
				PRODUCT_BUNDLE_IDENTIFIER = "Sunhyeok-Jung.FlixUITests";
				PRODUCT_NAME = "$(TARGET_NAME)";
				SWIFT_VERSION = 5.0;
				TARGETED_DEVICE_FAMILY = "1,2";
				TEST_TARGET_NAME = Flix;
			};
			name = Debug;
		};
		7DE4380425CF00CD00BC293C /* Release */ = {
			isa = XCBuildConfiguration;
			baseConfigurationReference = EF905C6FA16C71E92111929A /* Pods-Flix-FlixUITests.release.xcconfig */;
			buildSettings = {
				ALWAYS_EMBED_SWIFT_STANDARD_LIBRARIES = YES;
				CODE_SIGN_STYLE = Automatic;
				DEVELOPMENT_TEAM = YNZ6KTZX46;
				INFOPLIST_FILE = FlixUITests/Info.plist;
				LD_RUNPATH_SEARCH_PATHS = (
					"$(inherited)",
					"@executable_path/Frameworks",
					"@loader_path/Frameworks",
				);
				PRODUCT_BUNDLE_IDENTIFIER = "Sunhyeok-Jung.FlixUITests";
				PRODUCT_NAME = "$(TARGET_NAME)";
				SWIFT_VERSION = 5.0;
				TARGETED_DEVICE_FAMILY = "1,2";
				TEST_TARGET_NAME = Flix;
			};
			name = Release;
		};
/* End XCBuildConfiguration section */

/* Begin XCConfigurationList section */
		7DE437CD25CF00C500BC293C /* Build configuration list for PBXProject "Flix" */ = {
			isa = XCConfigurationList;
			buildConfigurations = (
				7DE437FA25CF00CD00BC293C /* Debug */,
				7DE437FB25CF00CD00BC293C /* Release */,
			);
			defaultConfigurationIsVisible = 0;
			defaultConfigurationName = Release;
		};
		7DE437FC25CF00CD00BC293C /* Build configuration list for PBXNativeTarget "Flix" */ = {
			isa = XCConfigurationList;
			buildConfigurations = (
				7DE437FD25CF00CD00BC293C /* Debug */,
				7DE437FE25CF00CD00BC293C /* Release */,
			);
			defaultConfigurationIsVisible = 0;
			defaultConfigurationName = Release;
		};
		7DE437FF25CF00CD00BC293C /* Build configuration list for PBXNativeTarget "FlixTests" */ = {
			isa = XCConfigurationList;
			buildConfigurations = (
				7DE4380025CF00CD00BC293C /* Debug */,
				7DE4380125CF00CD00BC293C /* Release */,
			);
			defaultConfigurationIsVisible = 0;
			defaultConfigurationName = Release;
		};
		7DE4380225CF00CD00BC293C /* Build configuration list for PBXNativeTarget "FlixUITests" */ = {
			isa = XCConfigurationList;
			buildConfigurations = (
				7DE4380325CF00CD00BC293C /* Debug */,
				7DE4380425CF00CD00BC293C /* Release */,
			);
			defaultConfigurationIsVisible = 0;
			defaultConfigurationName = Release;
		};
/* End XCConfigurationList section */
	};
	rootObject = 7DE437CA25CF00C500BC293C /* Project object */;
}
